// !$*UTF8*$!
{
	archiveVersion = 1;
	classes = {
	};
	objectVersion = 51;
	objects = {

/* Begin PBXBuildFile section */
		A62464DC2334C91300F60CDB /* Service.swift in Sources */ = {isa = PBXBuildFile; fileRef = A62464DB2334C91300F60CDB /* Service.swift */; };
		A6A1672D2334DA6100E1143F /* ManufacturerTableViewController.swift in Sources */ = {isa = PBXBuildFile; fileRef = A6A1672C2334DA6100E1143F /* ManufacturerTableViewController.swift */; };
		A6A1672F2334DEB400E1143F /* ManufacturerViewModel.swift in Sources */ = {isa = PBXBuildFile; fileRef = A6A1672E2334DEB400E1143F /* ManufacturerViewModel.swift */; };
		A6A167342334F15F00E1143F /* Manufacturer.swift in Sources */ = {isa = PBXBuildFile; fileRef = A6A167332334F15F00E1143F /* Manufacturer.swift */; };
		A6A1673F23360D6B00E1143F /* Services.plist in Resources */ = {isa = PBXBuildFile; fileRef = A6A1673E23360D6B00E1143F /* Services.plist */; };
		A6A167412336142400E1143F /* MockTableViewDataModel.swift in Sources */ = {isa = PBXBuildFile; fileRef = A6A167402336142400E1143F /* MockTableViewDataModel.swift */; };
		A6A167472336219400E1143F /* Page.swift in Sources */ = {isa = PBXBuildFile; fileRef = A6A167362335029300E1143F /* Page.swift */; };
		A6A1674B233639BA00E1143F /* Coordinator.swift in Sources */ = {isa = PBXBuildFile; fileRef = A6A1674A233639BA00E1143F /* Coordinator.swift */; };
		A6A1674E23363A5900E1143F /* CoordinatorViewControllerDelegate.swift in Sources */ = {isa = PBXBuildFile; fileRef = A6A1674D23363A5900E1143F /* CoordinatorViewControllerDelegate.swift */; };
		A6A1675023363BE100E1143F /* MainCoordinator.swift in Sources */ = {isa = PBXBuildFile; fileRef = A6A1674F23363BE100E1143F /* MainCoordinator.swift */; };
		A6A1675223363E5000E1143F /* CoordinatorViewController.swift in Sources */ = {isa = PBXBuildFile; fileRef = A6A1675123363E5000E1143F /* CoordinatorViewController.swift */; };
		A6A1675523363F5100E1143F /* ManufacturerCoordinator.swift in Sources */ = {isa = PBXBuildFile; fileRef = A6A1675423363F5100E1143F /* ManufacturerCoordinator.swift */; };
		A6A1675723364A3600E1143F /* ModelTableViewController.swift in Sources */ = {isa = PBXBuildFile; fileRef = A6A1675623364A3600E1143F /* ModelTableViewController.swift */; };
		A6A1675923364A7000E1143F /* ModelCoordinator.swift in Sources */ = {isa = PBXBuildFile; fileRef = A6A1675823364A7000E1143F /* ModelCoordinator.swift */; };
		A6A1675B23365F3700E1143F /* Model.swift in Sources */ = {isa = PBXBuildFile; fileRef = A6A1675A23365F3700E1143F /* Model.swift */; };
		A6B6F146233479040061F48C /* TableViewDataModel.swift in Sources */ = {isa = PBXBuildFile; fileRef = A6B6F145233479040061F48C /* TableViewDataModel.swift */; };
		A6B6F14A23347C170061F48C /* TableViewViewModelTest.swift in Sources */ = {isa = PBXBuildFile; fileRef = A6B6F14923347C170061F48C /* TableViewViewModelTest.swift */; };
		A6B6F1552334BDA10061F48C /* Cartfile in Resources */ = {isa = PBXBuildFile; fileRef = A6B6F1542334BDA10061F48C /* Cartfile */; };
		A6CAD26B236D8940002A51FA /* Debug.swift in Sources */ = {isa = PBXBuildFile; fileRef = A6CAD26A236D8940002A51FA /* Debug.swift */; };
		A6CAD26D236D91D9002A51FA /* Stack.swift in Sources */ = {isa = PBXBuildFile; fileRef = A6CAD26C236D91D9002A51FA /* Stack.swift */; };
		A6F3EDAE2336943200B00996 /* ModelViewModel.swift in Sources */ = {isa = PBXBuildFile; fileRef = A6F3EDAD2336943200B00996 /* ModelViewModel.swift */; };
		A6F3EDB0233694B800B00996 /* FooterView.swift in Sources */ = {isa = PBXBuildFile; fileRef = A6F3EDAF233694B800B00996 /* FooterView.swift */; };
		B03F9E9323701EE800E8FF59 /* WHCoreServices.framework in Frameworks */ = {isa = PBXBuildFile; fileRef = B03F9E9223701EE800E8FF59 /* WHCoreServices.framework */; };
		B03F9E9623701EF900E8FF59 /* WHCoreServices.framework in Frameworks */ = {isa = PBXBuildFile; fileRef = B03F9E9223701EE800E8FF59 /* WHCoreServices.framework */; };
		B03F9E992370207B00E8FF59 /* WHUIComponents.framework in Frameworks */ = {isa = PBXBuildFile; fileRef = B057B3DA2333DB5B00A59F11 /* WHUIComponents.framework */; };
		B03F9E9A2370207B00E8FF59 /* WHUIComponents.framework in Embed Frameworks */ = {isa = PBXBuildFile; fileRef = B057B3DA2333DB5B00A59F11 /* WHUIComponents.framework */; settings = {ATTRIBUTES = (CodeSignOnCopy, RemoveHeadersOnCopy, ); }; };
		B03F9E9F23703D4200E8FF59 /* LifetimeTracker.framework in Frameworks */ = {isa = PBXBuildFile; fileRef = B03F9E9E23703D4100E8FF59 /* LifetimeTracker.framework */; };
		B057B3E42333DB5B00A59F11 /* WHUIComponents.framework in Frameworks */ = {isa = PBXBuildFile; fileRef = B057B3DA2333DB5B00A59F11 /* WHUIComponents.framework */; };
		B057B3E92333DB5B00A59F11 /* WHUIComponentsTests.swift in Sources */ = {isa = PBXBuildFile; fileRef = B057B3E82333DB5B00A59F11 /* WHUIComponentsTests.swift */; };
		B057B3EB2333DB5B00A59F11 /* WHUIComponents.h in Headers */ = {isa = PBXBuildFile; fileRef = B057B3DD2333DB5B00A59F11 /* WHUIComponents.h */; settings = {ATTRIBUTES = (Public, ); }; };
		B057B3FB2333DBD500A59F11 /* AppDelegate.swift in Sources */ = {isa = PBXBuildFile; fileRef = B057B3FA2333DBD500A59F11 /* AppDelegate.swift */; };
		B057B3FD2333DBD500A59F11 /* ViewController.swift in Sources */ = {isa = PBXBuildFile; fileRef = B057B3FC2333DBD500A59F11 /* ViewController.swift */; };
		B057B4002333DBD500A59F11 /* Main.storyboard in Resources */ = {isa = PBXBuildFile; fileRef = B057B3FE2333DBD500A59F11 /* Main.storyboard */; };
		B057B4022333DBD600A59F11 /* Assets.xcassets in Resources */ = {isa = PBXBuildFile; fileRef = B057B4012333DBD600A59F11 /* Assets.xcassets */; };
		B057B4052333DBD600A59F11 /* LaunchScreen.storyboard in Resources */ = {isa = PBXBuildFile; fileRef = B057B4032333DBD600A59F11 /* LaunchScreen.storyboard */; };
		B057B40D2333DE1100A59F11 /* Storyboard.storyboard in Resources */ = {isa = PBXBuildFile; fileRef = B057B40C2333DE1100A59F11 /* Storyboard.storyboard */; };
		B057B40F2333DECE00A59F11 /* PaginateTableViewController.swift in Sources */ = {isa = PBXBuildFile; fileRef = B057B40E2333DECE00A59F11 /* PaginateTableViewController.swift */; };
		B057B4112333E07300A59F11 /* Resource.swift in Sources */ = {isa = PBXBuildFile; fileRef = B057B4102333E07300A59F11 /* Resource.swift */; };
		B057B4132333E10100A59F11 /* ResourceTest.swift in Sources */ = {isa = PBXBuildFile; fileRef = B057B4122333E10100A59F11 /* ResourceTest.swift */; };
		B057B4152333E30C00A59F11 /* TableViewViewModel.swift in Sources */ = {isa = PBXBuildFile; fileRef = B057B4142333E30C00A59F11 /* TableViewViewModel.swift */; };
		B057B4172333E4E500A59F11 /* TableViewState.swift in Sources */ = {isa = PBXBuildFile; fileRef = B057B4162333E4E500A59F11 /* TableViewState.swift */; };
		B069F53A2366D349007A7374 /* WHPromise.framework in Frameworks */ = {isa = PBXBuildFile; fileRef = B069F5392366D349007A7374 /* WHPromise.framework */; };
		B092A2202337C60C003DEC7C /* ManufacturerTableViewCell.swift in Sources */ = {isa = PBXBuildFile; fileRef = B092A21E2337C60C003DEC7C /* ManufacturerTableViewCell.swift */; };
		B092A2212337C60C003DEC7C /* ManufacturerTableViewCell.xib in Resources */ = {isa = PBXBuildFile; fileRef = B092A21F2337C60C003DEC7C /* ManufacturerTableViewCell.xib */; };
		B092A2242337DF7C003DEC7C /* ModelTableViewCell.swift in Sources */ = {isa = PBXBuildFile; fileRef = B092A2222337DF7C003DEC7C /* ModelTableViewCell.swift */; };
		B092A2252337DF7C003DEC7C /* ModelTableViewCell.xib in Resources */ = {isa = PBXBuildFile; fileRef = B092A2232337DF7C003DEC7C /* ModelTableViewCell.xib */; };
		B092A2292337E2AE003DEC7C /* Font+.swift in Sources */ = {isa = PBXBuildFile; fileRef = B092A2282337E2AE003DEC7C /* Font+.swift */; };
/* End PBXBuildFile section */

/* Begin PBXContainerItemProxy section */
		B03F9E9B2370207B00E8FF59 /* PBXContainerItemProxy */ = {
			isa = PBXContainerItemProxy;
			containerPortal = B057B3D12333DB5B00A59F11 /* Project object */;
			proxyType = 1;
			remoteGlobalIDString = B057B3D92333DB5B00A59F11;
			remoteInfo = WHUIComponents;
		};
		B057B3E52333DB5B00A59F11 /* PBXContainerItemProxy */ = {
			isa = PBXContainerItemProxy;
			containerPortal = B057B3D12333DB5B00A59F11 /* Project object */;
			proxyType = 1;
			remoteGlobalIDString = B057B3D92333DB5B00A59F11;
			remoteInfo = WHUIComponents;
		};
		B057B40A2333DC2E00A59F11 /* PBXContainerItemProxy */ = {
			isa = PBXContainerItemProxy;
			containerPortal = B057B3D12333DB5B00A59F11 /* Project object */;
			proxyType = 1;
			remoteGlobalIDString = B057B3D92333DB5B00A59F11;
			remoteInfo = WHUIComponents;
		};
/* End PBXContainerItemProxy section */

/* Begin PBXCopyFilesBuildPhase section */
		B03F9E9D2370207B00E8FF59 /* Embed Frameworks */ = {
			isa = PBXCopyFilesBuildPhase;
			buildActionMask = 2147483647;
			dstPath = "";
			dstSubfolderSpec = 10;
			files = (
				B03F9E9A2370207B00E8FF59 /* WHUIComponents.framework in Embed Frameworks */,
			);
			name = "Embed Frameworks";
			runOnlyForDeploymentPostprocessing = 0;
		};
/* End PBXCopyFilesBuildPhase section */

/* Begin PBXFileReference section */
		A62464DB2334C91300F60CDB /* Service.swift */ = {isa = PBXFileReference; lastKnownFileType = sourcecode.swift; path = Service.swift; sourceTree = "<group>"; };
		A6A1672A2334D71D00E1143F /* input.xcfilelist */ = {isa = PBXFileReference; lastKnownFileType = text.xcfilelist; path = input.xcfilelist; sourceTree = "<group>"; };
		A6A1672B2334D72500E1143F /* output.xcfilelist */ = {isa = PBXFileReference; lastKnownFileType = text.xcfilelist; path = output.xcfilelist; sourceTree = "<group>"; };
		A6A1672C2334DA6100E1143F /* ManufacturerTableViewController.swift */ = {isa = PBXFileReference; lastKnownFileType = sourcecode.swift; path = ManufacturerTableViewController.swift; sourceTree = "<group>"; };
		A6A1672E2334DEB400E1143F /* ManufacturerViewModel.swift */ = {isa = PBXFileReference; lastKnownFileType = sourcecode.swift; path = ManufacturerViewModel.swift; sourceTree = "<group>"; };
		A6A167332334F15F00E1143F /* Manufacturer.swift */ = {isa = PBXFileReference; lastKnownFileType = sourcecode.swift; path = Manufacturer.swift; sourceTree = "<group>"; };
		A6A167362335029300E1143F /* Page.swift */ = {isa = PBXFileReference; lastKnownFileType = sourcecode.swift; path = Page.swift; sourceTree = "<group>"; };
		A6A1673E23360D6B00E1143F /* Services.plist */ = {isa = PBXFileReference; lastKnownFileType = text.plist.xml; path = Services.plist; sourceTree = "<group>"; };
		A6A167402336142400E1143F /* MockTableViewDataModel.swift */ = {isa = PBXFileReference; lastKnownFileType = sourcecode.swift; path = MockTableViewDataModel.swift; sourceTree = "<group>"; };
		A6A1674A233639BA00E1143F /* Coordinator.swift */ = {isa = PBXFileReference; lastKnownFileType = sourcecode.swift; path = Coordinator.swift; sourceTree = "<group>"; };
		A6A1674D23363A5900E1143F /* CoordinatorViewControllerDelegate.swift */ = {isa = PBXFileReference; lastKnownFileType = sourcecode.swift; path = CoordinatorViewControllerDelegate.swift; sourceTree = "<group>"; };
		A6A1674F23363BE100E1143F /* MainCoordinator.swift */ = {isa = PBXFileReference; lastKnownFileType = sourcecode.swift; path = MainCoordinator.swift; sourceTree = "<group>"; };
		A6A1675123363E5000E1143F /* CoordinatorViewController.swift */ = {isa = PBXFileReference; lastKnownFileType = sourcecode.swift; path = CoordinatorViewController.swift; sourceTree = "<group>"; };
		A6A1675423363F5100E1143F /* ManufacturerCoordinator.swift */ = {isa = PBXFileReference; lastKnownFileType = sourcecode.swift; path = ManufacturerCoordinator.swift; sourceTree = "<group>"; };
		A6A1675623364A3600E1143F /* ModelTableViewController.swift */ = {isa = PBXFileReference; lastKnownFileType = sourcecode.swift; path = ModelTableViewController.swift; sourceTree = "<group>"; };
		A6A1675823364A7000E1143F /* ModelCoordinator.swift */ = {isa = PBXFileReference; lastKnownFileType = sourcecode.swift; path = ModelCoordinator.swift; sourceTree = "<group>"; };
		A6A1675A23365F3700E1143F /* Model.swift */ = {isa = PBXFileReference; lastKnownFileType = sourcecode.swift; path = Model.swift; sourceTree = "<group>"; };
		A6B6F145233479040061F48C /* TableViewDataModel.swift */ = {isa = PBXFileReference; lastKnownFileType = sourcecode.swift; path = TableViewDataModel.swift; sourceTree = "<group>"; };
		A6B6F14923347C170061F48C /* TableViewViewModelTest.swift */ = {isa = PBXFileReference; lastKnownFileType = sourcecode.swift; path = TableViewViewModelTest.swift; sourceTree = "<group>"; };
		A6B6F14B233484CA0061F48C /* .travis.yml */ = {isa = PBXFileReference; lastKnownFileType = text; path = .travis.yml; sourceTree = "<group>"; };
		A6B6F14D23348C8F0061F48C /* Gemfile */ = {isa = PBXFileReference; explicitFileType = text.script.ruby; path = Gemfile; sourceTree = "<group>"; };
		A6B6F1542334BDA10061F48C /* Cartfile */ = {isa = PBXFileReference; explicitFileType = text.script.ruby; path = Cartfile; sourceTree = "<group>"; };
		A6B6F1592334C05F0061F48C /* MyService.framework */ = {isa = PBXFileReference; lastKnownFileType = wrapper.framework; name = MyService.framework; path = Carthage/Build/iOS/MyService.framework; sourceTree = "<group>"; };
		A6CAD26A236D8940002A51FA /* Debug.swift */ = {isa = PBXFileReference; lastKnownFileType = sourcecode.swift; path = Debug.swift; sourceTree = "<group>"; };
		A6CAD26C236D91D9002A51FA /* Stack.swift */ = {isa = PBXFileReference; lastKnownFileType = sourcecode.swift; path = Stack.swift; sourceTree = "<group>"; };
		A6CAD26E236D9646002A51FA /* Cartfile.private */ = {isa = PBXFileReference; explicitFileType = text.script.ruby; path = Cartfile.private; sourceTree = "<group>"; };
		A6F3EDAD2336943200B00996 /* ModelViewModel.swift */ = {isa = PBXFileReference; lastKnownFileType = sourcecode.swift; path = ModelViewModel.swift; sourceTree = "<group>"; };
		A6F3EDAF233694B800B00996 /* FooterView.swift */ = {isa = PBXFileReference; lastKnownFileType = sourcecode.swift; path = FooterView.swift; sourceTree = "<group>"; };
		A6F3EDB1233894A300B00996 /* .jazzy.yaml */ = {isa = PBXFileReference; lastKnownFileType = text; path = .jazzy.yaml; sourceTree = "<group>"; };
		A6F3EDB223389FF500B00996 /* README.md */ = {isa = PBXFileReference; lastKnownFileType = net.daringfireball.markdown; path = README.md; sourceTree = "<group>"; };
		A6F3EDB32338B19F00B00996 /* db.json */ = {isa = PBXFileReference; lastKnownFileType = text.json; path = db.json; sourceTree = "<group>"; };
		B03F9E8823701D8A00E8FF59 /* FBRetainCycleDetector.framework */ = {isa = PBXFileReference; lastKnownFileType = wrapper.framework; name = FBRetainCycleDetector.framework; path = Carthage/Build/iOS/FBRetainCycleDetector.framework; sourceTree = "<group>"; };
		B03F9E8923701D8A00E8FF59 /* FBAllocationTracker.framework */ = {isa = PBXFileReference; lastKnownFileType = wrapper.framework; name = FBAllocationTracker.framework; path = Carthage/Build/iOS/FBAllocationTracker.framework; sourceTree = "<group>"; };
		B03F9E8A23701D8B00E8FF59 /* FBMemoryProfiler.framework */ = {isa = PBXFileReference; lastKnownFileType = wrapper.framework; name = FBMemoryProfiler.framework; path = Carthage/Build/iOS/FBMemoryProfiler.framework; sourceTree = "<group>"; };
		B03F9E9223701EE800E8FF59 /* WHCoreServices.framework */ = {isa = PBXFileReference; lastKnownFileType = wrapper.framework; name = WHCoreServices.framework; path = Carthage/Build/iOS/WHCoreServices.framework; sourceTree = "<group>"; };
		B03F9E9E23703D4100E8FF59 /* LifetimeTracker.framework */ = {isa = PBXFileReference; lastKnownFileType = wrapper.framework; name = LifetimeTracker.framework; path = Carthage/Build/iOS/LifetimeTracker.framework; sourceTree = "<group>"; };
		B057B3DA2333DB5B00A59F11 /* WHUIComponents.framework */ = {isa = PBXFileReference; explicitFileType = wrapper.framework; includeInIndex = 0; path = WHUIComponents.framework; sourceTree = BUILT_PRODUCTS_DIR; };
		B057B3DD2333DB5B00A59F11 /* WHUIComponents.h */ = {isa = PBXFileReference; lastKnownFileType = sourcecode.c.h; path = WHUIComponents.h; sourceTree = "<group>"; };
		B057B3DE2333DB5B00A59F11 /* Info.plist */ = {isa = PBXFileReference; lastKnownFileType = text.plist.xml; path = Info.plist; sourceTree = "<group>"; };
		B057B3E32333DB5B00A59F11 /* WHUIComponentsTests.xctest */ = {isa = PBXFileReference; explicitFileType = wrapper.cfbundle; includeInIndex = 0; path = WHUIComponentsTests.xctest; sourceTree = BUILT_PRODUCTS_DIR; };
		B057B3E82333DB5B00A59F11 /* WHUIComponentsTests.swift */ = {isa = PBXFileReference; lastKnownFileType = sourcecode.swift; path = WHUIComponentsTests.swift; sourceTree = "<group>"; };
		B057B3EA2333DB5B00A59F11 /* Info.plist */ = {isa = PBXFileReference; lastKnownFileType = text.plist.xml; path = Info.plist; sourceTree = "<group>"; };
		B057B3F82333DBD400A59F11 /* WHUIComponentsDemo.app */ = {isa = PBXFileReference; explicitFileType = wrapper.application; includeInIndex = 0; path = WHUIComponentsDemo.app; sourceTree = BUILT_PRODUCTS_DIR; };
		B057B3FA2333DBD500A59F11 /* AppDelegate.swift */ = {isa = PBXFileReference; lastKnownFileType = sourcecode.swift; path = AppDelegate.swift; sourceTree = "<group>"; };
		B057B3FC2333DBD500A59F11 /* ViewController.swift */ = {isa = PBXFileReference; lastKnownFileType = sourcecode.swift; path = ViewController.swift; sourceTree = "<group>"; };
		B057B3FF2333DBD500A59F11 /* Base */ = {isa = PBXFileReference; lastKnownFileType = file.storyboard; name = Base; path = Base.lproj/Main.storyboard; sourceTree = "<group>"; };
		B057B4012333DBD600A59F11 /* Assets.xcassets */ = {isa = PBXFileReference; lastKnownFileType = folder.assetcatalog; path = Assets.xcassets; sourceTree = "<group>"; };
		B057B4042333DBD600A59F11 /* Base */ = {isa = PBXFileReference; lastKnownFileType = file.storyboard; name = Base; path = Base.lproj/LaunchScreen.storyboard; sourceTree = "<group>"; };
		B057B4062333DBD600A59F11 /* Info.plist */ = {isa = PBXFileReference; lastKnownFileType = text.plist.xml; path = Info.plist; sourceTree = "<group>"; };
		B057B40C2333DE1100A59F11 /* Storyboard.storyboard */ = {isa = PBXFileReference; lastKnownFileType = file.storyboard; path = Storyboard.storyboard; sourceTree = "<group>"; };
		B057B40E2333DECE00A59F11 /* PaginateTableViewController.swift */ = {isa = PBXFileReference; lastKnownFileType = sourcecode.swift; path = PaginateTableViewController.swift; sourceTree = "<group>"; };
		B057B4102333E07300A59F11 /* Resource.swift */ = {isa = PBXFileReference; lastKnownFileType = sourcecode.swift; path = Resource.swift; sourceTree = "<group>"; };
		B057B4122333E10100A59F11 /* ResourceTest.swift */ = {isa = PBXFileReference; lastKnownFileType = sourcecode.swift; path = ResourceTest.swift; sourceTree = "<group>"; };
		B057B4142333E30C00A59F11 /* TableViewViewModel.swift */ = {isa = PBXFileReference; lastKnownFileType = sourcecode.swift; path = TableViewViewModel.swift; sourceTree = "<group>"; };
		B057B4162333E4E500A59F11 /* TableViewState.swift */ = {isa = PBXFileReference; lastKnownFileType = sourcecode.swift; path = TableViewState.swift; sourceTree = "<group>"; };
		B069F5392366D349007A7374 /* WHPromise.framework */ = {isa = PBXFileReference; lastKnownFileType = wrapper.framework; name = WHPromise.framework; path = Carthage/Build/iOS/WHPromise.framework; sourceTree = "<group>"; };
		B092A21E2337C60C003DEC7C /* ManufacturerTableViewCell.swift */ = {isa = PBXFileReference; lastKnownFileType = sourcecode.swift; path = ManufacturerTableViewCell.swift; sourceTree = "<group>"; };
		B092A21F2337C60C003DEC7C /* ManufacturerTableViewCell.xib */ = {isa = PBXFileReference; lastKnownFileType = file.xib; path = ManufacturerTableViewCell.xib; sourceTree = "<group>"; };
		B092A2222337DF7C003DEC7C /* ModelTableViewCell.swift */ = {isa = PBXFileReference; lastKnownFileType = sourcecode.swift; path = ModelTableViewCell.swift; sourceTree = "<group>"; };
		B092A2232337DF7C003DEC7C /* ModelTableViewCell.xib */ = {isa = PBXFileReference; lastKnownFileType = file.xib; path = ModelTableViewCell.xib; sourceTree = "<group>"; };
		B092A2282337E2AE003DEC7C /* Font+.swift */ = {isa = PBXFileReference; lastKnownFileType = sourcecode.swift; path = "Font+.swift"; sourceTree = "<group>"; };
/* End PBXFileReference section */

/* Begin PBXFrameworksBuildPhase section */
		B057B3D72333DB5B00A59F11 /* Frameworks */ = {
			isa = PBXFrameworksBuildPhase;
			buildActionMask = 2147483647;
			files = (
				B03F9E9323701EE800E8FF59 /* WHCoreServices.framework in Frameworks */,
			);
			runOnlyForDeploymentPostprocessing = 0;
		};
		B057B3E02333DB5B00A59F11 /* Frameworks */ = {
			isa = PBXFrameworksBuildPhase;
			buildActionMask = 2147483647;
			files = (
				B057B3E42333DB5B00A59F11 /* WHUIComponents.framework in Frameworks */,
			);
			runOnlyForDeploymentPostprocessing = 0;
		};
		B057B3F52333DBD400A59F11 /* Frameworks */ = {
			isa = PBXFrameworksBuildPhase;
			buildActionMask = 2147483647;
			files = (
				B03F9E9623701EF900E8FF59 /* WHCoreServices.framework in Frameworks */,
				B03F9E9F23703D4200E8FF59 /* LifetimeTracker.framework in Frameworks */,
				B03F9E992370207B00E8FF59 /* WHUIComponents.framework in Frameworks */,
				B069F53A2366D349007A7374 /* WHPromise.framework in Frameworks */,
			);
			runOnlyForDeploymentPostprocessing = 0;
		};
/* End PBXFrameworksBuildPhase section */

/* Begin PBXGroup section */
		A6A167302334E45400E1143F /* View */ = {
			isa = PBXGroup;
			children = (
				B057B3FC2333DBD500A59F11 /* ViewController.swift */,
				B092A22A2337E7FA003DEC7C /* Manufacturer */,
				B092A22B2337E804003DEC7C /* Model */,
			);
			path = View;
			sourceTree = "<group>";
		};
		A6A167312334E45B00E1143F /* ViewModel */ = {
			isa = PBXGroup;
			children = (
				A6A1672E2334DEB400E1143F /* ManufacturerViewModel.swift */,
				A6F3EDAD2336943200B00996 /* ModelViewModel.swift */,
			);
			path = ViewModel;
			sourceTree = "<group>";
		};
		A6A167322334E46100E1143F /* Service */ = {
			isa = PBXGroup;
			children = (
				A62464DB2334C91300F60CDB /* Service.swift */,
			);
			path = Service;
			sourceTree = "<group>";
		};
		A6A167352334F16200E1143F /* Model */ = {
			isa = PBXGroup;
			children = (
				A6A167332334F15F00E1143F /* Manufacturer.swift */,
				A6A1675A23365F3700E1143F /* Model.swift */,
			);
			path = Model;
			sourceTree = "<group>";
		};
		A6A1674C23363A0D00E1143F /* Coordinator */ = {
			isa = PBXGroup;
			children = (
				A6A1674A233639BA00E1143F /* Coordinator.swift */,
				A6A1674D23363A5900E1143F /* CoordinatorViewControllerDelegate.swift */,
				A6A1675123363E5000E1143F /* CoordinatorViewController.swift */,
			);
			path = Coordinator;
			sourceTree = "<group>";
		};
		A6A1675323363F2E00E1143F /* Coordinators */ = {
			isa = PBXGroup;
			children = (
				A6A1674F23363BE100E1143F /* MainCoordinator.swift */,
				A6A1675423363F5100E1143F /* ManufacturerCoordinator.swift */,
				A6A1675823364A7000E1143F /* ModelCoordinator.swift */,
			);
			path = Coordinators;
			sourceTree = "<group>";
		};
		A6B6F14E23349CFD0061F48C /* ViewModel */ = {
			isa = PBXGroup;
			children = (
				B057B4162333E4E500A59F11 /* TableViewState.swift */,
				B057B4142333E30C00A59F11 /* TableViewViewModel.swift */,
			);
			path = ViewModel;
			sourceTree = "<group>";
		};
		A6B6F14F23349D080061F48C /* Model */ = {
			isa = PBXGroup;
			children = (
				A6A167362335029300E1143F /* Page.swift */,
				A6B6F145233479040061F48C /* TableViewDataModel.swift */,
			);
			path = Model;
			sourceTree = "<group>";
		};
		A6B6F15023349D0F0061F48C /* View */ = {
			isa = PBXGroup;
			children = (
				B057B40E2333DECE00A59F11 /* PaginateTableViewController.swift */,
				A6F3EDAF233694B800B00996 /* FooterView.swift */,
			);
			path = View;
			sourceTree = "<group>";
		};
		A6B6F15123349D3B0061F48C /* Resources */ = {
			isa = PBXGroup;
			children = (
				B057B4102333E07300A59F11 /* Resource.swift */,
				B057B40C2333DE1100A59F11 /* Storyboard.storyboard */,
			);
			path = Resources;
			sourceTree = "<group>";
		};
		A6B6F1582334C05F0061F48C /* Frameworks */ = {
			isa = PBXGroup;
			children = (
				B03F9E9E23703D4100E8FF59 /* LifetimeTracker.framework */,
				B03F9E9223701EE800E8FF59 /* WHCoreServices.framework */,
				B03F9E8923701D8A00E8FF59 /* FBAllocationTracker.framework */,
				B03F9E8A23701D8B00E8FF59 /* FBMemoryProfiler.framework */,
				B03F9E8823701D8A00E8FF59 /* FBRetainCycleDetector.framework */,
				B069F5392366D349007A7374 /* WHPromise.framework */,
				A6B6F1592334C05F0061F48C /* MyService.framework */,
			);
			name = Frameworks;
			sourceTree = "<group>";
		};
		B057B3D02333DB5B00A59F11 = {
			isa = PBXGroup;
			children = (
				A6F3EDB32338B19F00B00996 /* db.json */,
				A6F3EDB223389FF500B00996 /* README.md */,
				A6F3EDB1233894A300B00996 /* .jazzy.yaml */,
				A6A1672A2334D71D00E1143F /* input.xcfilelist */,
				A6A1672B2334D72500E1143F /* output.xcfilelist */,
				A6B6F14D23348C8F0061F48C /* Gemfile */,
				A6CAD26E236D9646002A51FA /* Cartfile.private */,
				A6B6F1542334BDA10061F48C /* Cartfile */,
				A6B6F14B233484CA0061F48C /* .travis.yml */,
				B057B3F92333DBD500A59F11 /* WHUIComponentsDemo */,
				B057B3DC2333DB5B00A59F11 /* WHUIComponents */,
				B057B3E72333DB5B00A59F11 /* WHUIComponentsTests */,
				B057B3DB2333DB5B00A59F11 /* Products */,
				A6B6F1582334C05F0061F48C /* Frameworks */,
			);
			sourceTree = "<group>";
		};
		B057B3DB2333DB5B00A59F11 /* Products */ = {
			isa = PBXGroup;
			children = (
				B057B3DA2333DB5B00A59F11 /* WHUIComponents.framework */,
				B057B3E32333DB5B00A59F11 /* WHUIComponentsTests.xctest */,
				B057B3F82333DBD400A59F11 /* WHUIComponentsDemo.app */,
			);
			name = Products;
			sourceTree = "<group>";
		};
		B057B3DC2333DB5B00A59F11 /* WHUIComponents */ = {
			isa = PBXGroup;
			children = (
				B057B3DD2333DB5B00A59F11 /* WHUIComponents.h */,
				B092A2282337E2AE003DEC7C /* Font+.swift */,
				A6A1674C23363A0D00E1143F /* Coordinator */,
				A6B6F14E23349CFD0061F48C /* ViewModel */,
				A6B6F14F23349D080061F48C /* Model */,
				A6B6F15023349D0F0061F48C /* View */,
				A6B6F15123349D3B0061F48C /* Resources */,
				B057B3DE2333DB5B00A59F11 /* Info.plist */,
			);
			path = WHUIComponents;
			sourceTree = "<group>";
		};
		B057B3E72333DB5B00A59F11 /* WHUIComponentsTests */ = {
			isa = PBXGroup;
			children = (
				B057B4122333E10100A59F11 /* ResourceTest.swift */,
				B057B3E82333DB5B00A59F11 /* WHUIComponentsTests.swift */,
				A6B6F14923347C170061F48C /* TableViewViewModelTest.swift */,
				A6A167402336142400E1143F /* MockTableViewDataModel.swift */,
				B057B3EA2333DB5B00A59F11 /* Info.plist */,
			);
			path = WHUIComponentsTests;
			sourceTree = "<group>";
		};
		B057B3F92333DBD500A59F11 /* WHUIComponentsDemo */ = {
			isa = PBXGroup;
			children = (
				B057B3FA2333DBD500A59F11 /* AppDelegate.swift */,
				A6CAD26A236D8940002A51FA /* Debug.swift */,
				A6CAD26C236D91D9002A51FA /* Stack.swift */,
				A6A1675323363F2E00E1143F /* Coordinators */,
				A6A167352334F16200E1143F /* Model */,
				A6A167302334E45400E1143F /* View */,
				A6A167312334E45B00E1143F /* ViewModel */,
				A6A167322334E46100E1143F /* Service */,
				B057B3FE2333DBD500A59F11 /* Main.storyboard */,
				B057B4012333DBD600A59F11 /* Assets.xcassets */,
				B057B4032333DBD600A59F11 /* LaunchScreen.storyboard */,
				B057B4062333DBD600A59F11 /* Info.plist */,
				A6A1673E23360D6B00E1143F /* Services.plist */,
			);
			path = WHUIComponentsDemo;
			sourceTree = "<group>";
		};
		B092A22A2337E7FA003DEC7C /* Manufacturer */ = {
			isa = PBXGroup;
			children = (
				A6A1672C2334DA6100E1143F /* ManufacturerTableViewController.swift */,
				B092A21E2337C60C003DEC7C /* ManufacturerTableViewCell.swift */,
				B092A21F2337C60C003DEC7C /* ManufacturerTableViewCell.xib */,
			);
			path = Manufacturer;
			sourceTree = "<group>";
		};
		B092A22B2337E804003DEC7C /* Model */ = {
			isa = PBXGroup;
			children = (
				A6A1675623364A3600E1143F /* ModelTableViewController.swift */,
				B092A2222337DF7C003DEC7C /* ModelTableViewCell.swift */,
				B092A2232337DF7C003DEC7C /* ModelTableViewCell.xib */,
			);
			path = Model;
			sourceTree = "<group>";
		};
/* End PBXGroup section */

/* Begin PBXHeadersBuildPhase section */
		B057B3D52333DB5B00A59F11 /* Headers */ = {
			isa = PBXHeadersBuildPhase;
			buildActionMask = 2147483647;
			files = (
				B057B3EB2333DB5B00A59F11 /* WHUIComponents.h in Headers */,
			);
			runOnlyForDeploymentPostprocessing = 0;
		};
/* End PBXHeadersBuildPhase section */

/* Begin PBXNativeTarget section */
		B057B3D92333DB5B00A59F11 /* WHUIComponents */ = {
			isa = PBXNativeTarget;
			buildConfigurationList = B057B3EE2333DB5B00A59F11 /* Build configuration list for PBXNativeTarget "WHUIComponents" */;
			buildPhases = (
				B057B3D52333DB5B00A59F11 /* Headers */,
				B057B3D62333DB5B00A59F11 /* Sources */,
				B057B3D72333DB5B00A59F11 /* Frameworks */,
				B057B3D82333DB5B00A59F11 /* Resources */,
			);
			buildRules = (
			);
			dependencies = (
			);
			name = WHUIComponents;
			productName = WHUIComponents;
			productReference = B057B3DA2333DB5B00A59F11 /* WHUIComponents.framework */;
			productType = "com.apple.product-type.framework";
		};
		B057B3E22333DB5B00A59F11 /* WHUIComponentsTests */ = {
			isa = PBXNativeTarget;
			buildConfigurationList = B057B3F12333DB5B00A59F11 /* Build configuration list for PBXNativeTarget "WHUIComponentsTests" */;
			buildPhases = (
				B057B3DF2333DB5B00A59F11 /* Sources */,
				B057B3E02333DB5B00A59F11 /* Frameworks */,
				B057B3E12333DB5B00A59F11 /* Resources */,
			);
			buildRules = (
			);
			dependencies = (
				B057B3E62333DB5B00A59F11 /* PBXTargetDependency */,
			);
			name = WHUIComponentsTests;
			productName = WHUIComponentsTests;
			productReference = B057B3E32333DB5B00A59F11 /* WHUIComponentsTests.xctest */;
			productType = "com.apple.product-type.bundle.unit-test";
		};
		B057B3F72333DBD400A59F11 /* WHUIComponentsDemo */ = {
			isa = PBXNativeTarget;
			buildConfigurationList = B057B4092333DBD600A59F11 /* Build configuration list for PBXNativeTarget "WHUIComponentsDemo" */;
			buildPhases = (
				B057B3F42333DBD400A59F11 /* Sources */,
				B057B3F52333DBD400A59F11 /* Frameworks */,
				B057B3F62333DBD400A59F11 /* Resources */,
				A62464E22334D5F000F60CDB /* ShellScript */,
				B03F9E9D2370207B00E8FF59 /* Embed Frameworks */,
			);
			buildRules = (
			);
			dependencies = (
				B057B40B2333DC2E00A59F11 /* PBXTargetDependency */,
				B03F9E9C2370207B00E8FF59 /* PBXTargetDependency */,
			);
			name = WHUIComponentsDemo;
			productName = WHUIComponentsDemo;
			productReference = B057B3F82333DBD400A59F11 /* WHUIComponentsDemo.app */;
			productType = "com.apple.product-type.application";
		};
/* End PBXNativeTarget section */

/* Begin PBXProject section */
		B057B3D12333DB5B00A59F11 /* Project object */ = {
			isa = PBXProject;
			attributes = {
				LastSwiftUpdateCheck = 1030;
				LastUpgradeCheck = 1030;
				ORGANIZATIONNAME = "Wayne Hsiao";
				TargetAttributes = {
					B057B3D92333DB5B00A59F11 = {
						CreatedOnToolsVersion = 10.3;
						LastSwiftMigration = 1030;
					};
					B057B3E22333DB5B00A59F11 = {
						CreatedOnToolsVersion = 10.3;
					};
					B057B3F72333DBD400A59F11 = {
						CreatedOnToolsVersion = 10.3;
					};
				};
			};
			buildConfigurationList = B057B3D42333DB5B00A59F11 /* Build configuration list for PBXProject "WHUIComponents" */;
			compatibilityVersion = "Xcode 9.3";
			developmentRegion = en;
			hasScannedForEncodings = 0;
			knownRegions = (
				en,
				Base,
			);
			mainGroup = B057B3D02333DB5B00A59F11;
			productRefGroup = B057B3DB2333DB5B00A59F11 /* Products */;
			projectDirPath = "";
			projectRoot = "";
			targets = (
				B057B3F72333DBD400A59F11 /* WHUIComponentsDemo */,
				B057B3D92333DB5B00A59F11 /* WHUIComponents */,
				B057B3E22333DB5B00A59F11 /* WHUIComponentsTests */,
			);
		};
/* End PBXProject section */

/* Begin PBXResourcesBuildPhase section */
		B057B3D82333DB5B00A59F11 /* Resources */ = {
			isa = PBXResourcesBuildPhase;
			buildActionMask = 2147483647;
			files = (
				A6B6F1552334BDA10061F48C /* Cartfile in Resources */,
				B057B40D2333DE1100A59F11 /* Storyboard.storyboard in Resources */,
			);
			runOnlyForDeploymentPostprocessing = 0;
		};
		B057B3E12333DB5B00A59F11 /* Resources */ = {
			isa = PBXResourcesBuildPhase;
			buildActionMask = 2147483647;
			files = (
			);
			runOnlyForDeploymentPostprocessing = 0;
		};
		B057B3F62333DBD400A59F11 /* Resources */ = {
			isa = PBXResourcesBuildPhase;
			buildActionMask = 2147483647;
			files = (
				B092A2212337C60C003DEC7C /* ManufacturerTableViewCell.xib in Resources */,
				A6A1673F23360D6B00E1143F /* Services.plist in Resources */,
				B057B4052333DBD600A59F11 /* LaunchScreen.storyboard in Resources */,
				B092A2252337DF7C003DEC7C /* ModelTableViewCell.xib in Resources */,
				B057B4022333DBD600A59F11 /* Assets.xcassets in Resources */,
				B057B4002333DBD500A59F11 /* Main.storyboard in Resources */,
			);
			runOnlyForDeploymentPostprocessing = 0;
		};
/* End PBXResourcesBuildPhase section */

/* Begin PBXShellScriptBuildPhase section */
		A62464E22334D5F000F60CDB /* ShellScript */ = {
			isa = PBXShellScriptBuildPhase;
			buildActionMask = 2147483647;
			files = (
			);
			inputFileListPaths = (
				"$(SRCROOT)/input.xcfilelist",
			);
			inputPaths = (
			);
			outputFileListPaths = (
				"$(SRCROOT)/output.xcfilelist",
			);
			outputPaths = (
			);
			runOnlyForDeploymentPostprocessing = 0;
			shellPath = /bin/sh;
			shellScript = "/usr/local/bin/carthage copy-frameworks\n";
		};
/* End PBXShellScriptBuildPhase section */

/* Begin PBXSourcesBuildPhase section */
		B057B3D62333DB5B00A59F11 /* Sources */ = {
			isa = PBXSourcesBuildPhase;
			buildActionMask = 2147483647;
			files = (
				A6A1674B233639BA00E1143F /* Coordinator.swift in Sources */,
				B092A2292337E2AE003DEC7C /* Font+.swift in Sources */,
				A6B6F146233479040061F48C /* TableViewDataModel.swift in Sources */,
				B057B4152333E30C00A59F11 /* TableViewViewModel.swift in Sources */,
				A6A167472336219400E1143F /* Page.swift in Sources */,
				A6A1675223363E5000E1143F /* CoordinatorViewController.swift in Sources */,
				A6F3EDB0233694B800B00996 /* FooterView.swift in Sources */,
				A6A1674E23363A5900E1143F /* CoordinatorViewControllerDelegate.swift in Sources */,
				B057B40F2333DECE00A59F11 /* PaginateTableViewController.swift in Sources */,
				B057B4112333E07300A59F11 /* Resource.swift in Sources */,
				B057B4172333E4E500A59F11 /* TableViewState.swift in Sources */,
			);
			runOnlyForDeploymentPostprocessing = 0;
		};
		B057B3DF2333DB5B00A59F11 /* Sources */ = {
			isa = PBXSourcesBuildPhase;
			buildActionMask = 2147483647;
			files = (
				B057B3E92333DB5B00A59F11 /* WHUIComponentsTests.swift in Sources */,
				B057B4132333E10100A59F11 /* ResourceTest.swift in Sources */,
				A6B6F14A23347C170061F48C /* TableViewViewModelTest.swift in Sources */,
				A6A167412336142400E1143F /* MockTableViewDataModel.swift in Sources */,
			);
			runOnlyForDeploymentPostprocessing = 0;
		};
		B057B3F42333DBD400A59F11 /* Sources */ = {
			isa = PBXSourcesBuildPhase;
			buildActionMask = 2147483647;
			files = (
				A6A1672D2334DA6100E1143F /* ManufacturerTableViewController.swift in Sources */,
				A6CAD26B236D8940002A51FA /* Debug.swift in Sources */,
				A6A1675723364A3600E1143F /* ModelTableViewController.swift in Sources */,
				B092A2202337C60C003DEC7C /* ManufacturerTableViewCell.swift in Sources */,
				A6A1675923364A7000E1143F /* ModelCoordinator.swift in Sources */,
				A6A1675523363F5100E1143F /* ManufacturerCoordinator.swift in Sources */,
				A6A1675023363BE100E1143F /* MainCoordinator.swift in Sources */,
				A6A167342334F15F00E1143F /* Manufacturer.swift in Sources */,
				B057B3FD2333DBD500A59F11 /* ViewController.swift in Sources */,
				B057B3FB2333DBD500A59F11 /* AppDelegate.swift in Sources */,
				A6F3EDAE2336943200B00996 /* ModelViewModel.swift in Sources */,
				A6A1675B23365F3700E1143F /* Model.swift in Sources */,
				A6CAD26D236D91D9002A51FA /* Stack.swift in Sources */,
				B092A2242337DF7C003DEC7C /* ModelTableViewCell.swift in Sources */,
				A6A1672F2334DEB400E1143F /* ManufacturerViewModel.swift in Sources */,
				A62464DC2334C91300F60CDB /* Service.swift in Sources */,
			);
			runOnlyForDeploymentPostprocessing = 0;
		};
/* End PBXSourcesBuildPhase section */

/* Begin PBXTargetDependency section */
		B03F9E9C2370207B00E8FF59 /* PBXTargetDependency */ = {
			isa = PBXTargetDependency;
			target = B057B3D92333DB5B00A59F11 /* WHUIComponents */;
			targetProxy = B03F9E9B2370207B00E8FF59 /* PBXContainerItemProxy */;
		};
		B057B3E62333DB5B00A59F11 /* PBXTargetDependency */ = {
			isa = PBXTargetDependency;
			target = B057B3D92333DB5B00A59F11 /* WHUIComponents */;
			targetProxy = B057B3E52333DB5B00A59F11 /* PBXContainerItemProxy */;
		};
		B057B40B2333DC2E00A59F11 /* PBXTargetDependency */ = {
			isa = PBXTargetDependency;
			target = B057B3D92333DB5B00A59F11 /* WHUIComponents */;
			targetProxy = B057B40A2333DC2E00A59F11 /* PBXContainerItemProxy */;
		};
/* End PBXTargetDependency section */

/* Begin PBXVariantGroup section */
		B057B3FE2333DBD500A59F11 /* Main.storyboard */ = {
			isa = PBXVariantGroup;
			children = (
				B057B3FF2333DBD500A59F11 /* Base */,
			);
			name = Main.storyboard;
			sourceTree = "<group>";
		};
		B057B4032333DBD600A59F11 /* LaunchScreen.storyboard */ = {
			isa = PBXVariantGroup;
			children = (
				B057B4042333DBD600A59F11 /* Base */,
			);
			name = LaunchScreen.storyboard;
			sourceTree = "<group>";
		};
/* End PBXVariantGroup section */

/* Begin XCBuildConfiguration section */
		B057B3EC2333DB5B00A59F11 /* Debug */ = {
			isa = XCBuildConfiguration;
			buildSettings = {
				ALWAYS_SEARCH_USER_PATHS = NO;
				CLANG_ANALYZER_NONNULL = YES;
				CLANG_ANALYZER_NUMBER_OBJECT_CONVERSION = YES_AGGRESSIVE;
				CLANG_CXX_LANGUAGE_STANDARD = "gnu++14";
				CLANG_CXX_LIBRARY = "libc++";
				CLANG_ENABLE_MODULES = YES;
				CLANG_ENABLE_OBJC_ARC = YES;
				CLANG_ENABLE_OBJC_WEAK = YES;
				CLANG_WARN_BLOCK_CAPTURE_AUTORELEASING = YES;
				CLANG_WARN_BOOL_CONVERSION = YES;
				CLANG_WARN_COMMA = YES;
				CLANG_WARN_CONSTANT_CONVERSION = YES;
				CLANG_WARN_DEPRECATED_OBJC_IMPLEMENTATIONS = YES;
				CLANG_WARN_DIRECT_OBJC_ISA_USAGE = YES_ERROR;
				CLANG_WARN_DOCUMENTATION_COMMENTS = YES;
				CLANG_WARN_EMPTY_BODY = YES;
				CLANG_WARN_ENUM_CONVERSION = YES;
				CLANG_WARN_INFINITE_RECURSION = YES;
				CLANG_WARN_INT_CONVERSION = YES;
				CLANG_WARN_NON_LITERAL_NULL_CONVERSION = YES;
				CLANG_WARN_OBJC_IMPLICIT_RETAIN_SELF = YES;
				CLANG_WARN_OBJC_LITERAL_CONVERSION = YES;
				CLANG_WARN_OBJC_ROOT_CLASS = YES_ERROR;
				CLANG_WARN_RANGE_LOOP_ANALYSIS = YES;
				CLANG_WARN_STRICT_PROTOTYPES = YES;
				CLANG_WARN_SUSPICIOUS_MOVE = YES;
				CLANG_WARN_UNGUARDED_AVAILABILITY = YES_AGGRESSIVE;
				CLANG_WARN_UNREACHABLE_CODE = YES;
				CLANG_WARN__DUPLICATE_METHOD_MATCH = YES;
				CODE_SIGN_IDENTITY = "iPhone Developer";
				COPY_PHASE_STRIP = NO;
				CURRENT_PROJECT_VERSION = 1;
				DEBUG_INFORMATION_FORMAT = dwarf;
				ENABLE_STRICT_OBJC_MSGSEND = YES;
				ENABLE_TESTABILITY = YES;
				GCC_C_LANGUAGE_STANDARD = gnu11;
				GCC_DYNAMIC_NO_PIC = NO;
				GCC_NO_COMMON_BLOCKS = YES;
				GCC_OPTIMIZATION_LEVEL = 0;
				GCC_PREPROCESSOR_DEFINITIONS = (
					"DEBUG=1",
					"$(inherited)",
				);
				GCC_WARN_64_TO_32_BIT_CONVERSION = YES;
				GCC_WARN_ABOUT_RETURN_TYPE = YES_ERROR;
				GCC_WARN_UNDECLARED_SELECTOR = YES;
				GCC_WARN_UNINITIALIZED_AUTOS = YES_AGGRESSIVE;
				GCC_WARN_UNUSED_FUNCTION = YES;
				GCC_WARN_UNUSED_VARIABLE = YES;
				IPHONEOS_DEPLOYMENT_TARGET = 11.0;
				MTL_ENABLE_DEBUG_INFO = INCLUDE_SOURCE;
				MTL_FAST_MATH = YES;
				ONLY_ACTIVE_ARCH = YES;
				SDKROOT = iphoneos;
				SWIFT_ACTIVE_COMPILATION_CONDITIONS = DEBUG;
				SWIFT_OPTIMIZATION_LEVEL = "-Onone";
				VERSIONING_SYSTEM = "apple-generic";
				VERSION_INFO_PREFIX = "";
			};
			name = Debug;
		};
		B057B3ED2333DB5B00A59F11 /* Release */ = {
			isa = XCBuildConfiguration;
			buildSettings = {
				ALWAYS_SEARCH_USER_PATHS = NO;
				CLANG_ANALYZER_NONNULL = YES;
				CLANG_ANALYZER_NUMBER_OBJECT_CONVERSION = YES_AGGRESSIVE;
				CLANG_CXX_LANGUAGE_STANDARD = "gnu++14";
				CLANG_CXX_LIBRARY = "libc++";
				CLANG_ENABLE_MODULES = YES;
				CLANG_ENABLE_OBJC_ARC = YES;
				CLANG_ENABLE_OBJC_WEAK = YES;
				CLANG_WARN_BLOCK_CAPTURE_AUTORELEASING = YES;
				CLANG_WARN_BOOL_CONVERSION = YES;
				CLANG_WARN_COMMA = YES;
				CLANG_WARN_CONSTANT_CONVERSION = YES;
				CLANG_WARN_DEPRECATED_OBJC_IMPLEMENTATIONS = YES;
				CLANG_WARN_DIRECT_OBJC_ISA_USAGE = YES_ERROR;
				CLANG_WARN_DOCUMENTATION_COMMENTS = YES;
				CLANG_WARN_EMPTY_BODY = YES;
				CLANG_WARN_ENUM_CONVERSION = YES;
				CLANG_WARN_INFINITE_RECURSION = YES;
				CLANG_WARN_INT_CONVERSION = YES;
				CLANG_WARN_NON_LITERAL_NULL_CONVERSION = YES;
				CLANG_WARN_OBJC_IMPLICIT_RETAIN_SELF = YES;
				CLANG_WARN_OBJC_LITERAL_CONVERSION = YES;
				CLANG_WARN_OBJC_ROOT_CLASS = YES_ERROR;
				CLANG_WARN_RANGE_LOOP_ANALYSIS = YES;
				CLANG_WARN_STRICT_PROTOTYPES = YES;
				CLANG_WARN_SUSPICIOUS_MOVE = YES;
				CLANG_WARN_UNGUARDED_AVAILABILITY = YES_AGGRESSIVE;
				CLANG_WARN_UNREACHABLE_CODE = YES;
				CLANG_WARN__DUPLICATE_METHOD_MATCH = YES;
				CODE_SIGN_IDENTITY = "iPhone Developer";
				COPY_PHASE_STRIP = NO;
				CURRENT_PROJECT_VERSION = 1;
				DEBUG_INFORMATION_FORMAT = "dwarf-with-dsym";
				ENABLE_NS_ASSERTIONS = NO;
				ENABLE_STRICT_OBJC_MSGSEND = YES;
				GCC_C_LANGUAGE_STANDARD = gnu11;
				GCC_NO_COMMON_BLOCKS = YES;
				GCC_WARN_64_TO_32_BIT_CONVERSION = YES;
				GCC_WARN_ABOUT_RETURN_TYPE = YES_ERROR;
				GCC_WARN_UNDECLARED_SELECTOR = YES;
				GCC_WARN_UNINITIALIZED_AUTOS = YES_AGGRESSIVE;
				GCC_WARN_UNUSED_FUNCTION = YES;
				GCC_WARN_UNUSED_VARIABLE = YES;
				IPHONEOS_DEPLOYMENT_TARGET = 11.0;
				MTL_ENABLE_DEBUG_INFO = NO;
				MTL_FAST_MATH = YES;
				SDKROOT = iphoneos;
				SWIFT_COMPILATION_MODE = wholemodule;
				SWIFT_OPTIMIZATION_LEVEL = "-O";
				VALIDATE_PRODUCT = YES;
				VERSIONING_SYSTEM = "apple-generic";
				VERSION_INFO_PREFIX = "";
			};
			name = Release;
		};
		B057B3EF2333DB5B00A59F11 /* Debug */ = {
			isa = XCBuildConfiguration;
			buildSettings = {
				CLANG_ENABLE_MODULES = YES;
				CODE_SIGN_IDENTITY = "";
				CODE_SIGN_STYLE = Manual;
				DEFINES_MODULE = YES;
				DEVELOPMENT_TEAM = "";
				DYLIB_COMPATIBILITY_VERSION = 1;
				DYLIB_CURRENT_VERSION = 1;
				DYLIB_INSTALL_NAME_BASE = "@rpath";
				FRAMEWORK_SEARCH_PATHS = (
					"$(inherited)",
					"$(PROJECT_DIR)/Carthage/Build/iOS",
				);
				INFOPLIST_FILE = WHUIComponents/Info.plist;
				INSTALL_PATH = "$(LOCAL_LIBRARY_DIR)/Frameworks";
				IPHONEOS_DEPLOYMENT_TARGET = 11.0;
				LD_RUNPATH_SEARCH_PATHS = (
					"$(inherited)",
					"@executable_path/Frameworks",
					"@loader_path/Frameworks",
				);
				PRODUCT_BUNDLE_IDENTIFIER = com.wayne.hsiao.WHUIComponents;
				PRODUCT_NAME = "$(TARGET_NAME:c99extidentifier)";
				PROVISIONING_PROFILE_SPECIFIER = "";
				SKIP_INSTALL = YES;
				SWIFT_OPTIMIZATION_LEVEL = "-Onone";
				SWIFT_VERSION = 4.2;
				TARGETED_DEVICE_FAMILY = 1;
			};
			name = Debug;
		};
		B057B3F02333DB5B00A59F11 /* Release */ = {
			isa = XCBuildConfiguration;
			buildSettings = {
				CLANG_ENABLE_MODULES = YES;
				CODE_SIGN_IDENTITY = "";
				CODE_SIGN_STYLE = Manual;
				DEFINES_MODULE = YES;
				DEVELOPMENT_TEAM = "";
				DYLIB_COMPATIBILITY_VERSION = 1;
				DYLIB_CURRENT_VERSION = 1;
				DYLIB_INSTALL_NAME_BASE = "@rpath";
				FRAMEWORK_SEARCH_PATHS = (
					"$(inherited)",
					"$(PROJECT_DIR)/Carthage/Build/iOS",
				);
				INFOPLIST_FILE = WHUIComponents/Info.plist;
				INSTALL_PATH = "$(LOCAL_LIBRARY_DIR)/Frameworks";
				IPHONEOS_DEPLOYMENT_TARGET = 11.0;
				LD_RUNPATH_SEARCH_PATHS = (
					"$(inherited)",
					"@executable_path/Frameworks",
					"@loader_path/Frameworks",
				);
				PRODUCT_BUNDLE_IDENTIFIER = com.wayne.hsiao.WHUIComponents;
				PRODUCT_NAME = "$(TARGET_NAME:c99extidentifier)";
				PROVISIONING_PROFILE_SPECIFIER = "";
				SKIP_INSTALL = YES;
				SWIFT_VERSION = 4.2;
				TARGETED_DEVICE_FAMILY = 1;
			};
			name = Release;
		};
		B057B3F22333DB5B00A59F11 /* Debug */ = {
			isa = XCBuildConfiguration;
			buildSettings = {
				ALWAYS_EMBED_SWIFT_STANDARD_LIBRARIES = YES;
				CODE_SIGN_STYLE = Automatic;
				DEVELOPMENT_TEAM = 94MBHXKUB6;
				FRAMEWORK_SEARCH_PATHS = (
					"$(inherited)",
					"$(PROJECT_DIR)/Carthage/Build/iOS",
				);
				INFOPLIST_FILE = WHUIComponentsTests/Info.plist;
				LD_RUNPATH_SEARCH_PATHS = (
					"$(inherited)",
					"@executable_path/Frameworks",
					"@loader_path/Frameworks",
					"$(PROJECT_DIR)/Carthage/Build/iOS",
				);
				PRODUCT_BUNDLE_IDENTIFIER = com.wayne.hsiao.WHUIComponentsTests;
				PRODUCT_NAME = "$(TARGET_NAME)";
				SWIFT_VERSION = 4.2;
				TARGETED_DEVICE_FAMILY = "1,2";
			};
			name = Debug;
		};
		B057B3F32333DB5B00A59F11 /* Release */ = {
			isa = XCBuildConfiguration;
			buildSettings = {
				ALWAYS_EMBED_SWIFT_STANDARD_LIBRARIES = YES;
				CODE_SIGN_STYLE = Automatic;
				DEVELOPMENT_TEAM = 94MBHXKUB6;
				FRAMEWORK_SEARCH_PATHS = (
					"$(inherited)",
					"$(PROJECT_DIR)/Carthage/Build/iOS",
				);
				INFOPLIST_FILE = WHUIComponentsTests/Info.plist;
				LD_RUNPATH_SEARCH_PATHS = (
					"$(inherited)",
					"@executable_path/Frameworks",
					"@loader_path/Frameworks",
					"$(PROJECT_DIR)/Carthage/Build/iOS",
				);
				PRODUCT_BUNDLE_IDENTIFIER = com.wayne.hsiao.WHUIComponentsTests;
				PRODUCT_NAME = "$(TARGET_NAME)";
				SWIFT_VERSION = 4.2;
				TARGETED_DEVICE_FAMILY = "1,2";
			};
			name = Release;
		};
		B057B4072333DBD600A59F11 /* Debug */ = {
			isa = XCBuildConfiguration;
			buildSettings = {
				ASSETCATALOG_COMPILER_APPICON_NAME = AppIcon;
				CODE_SIGN_STYLE = Automatic;
				DEVELOPMENT_TEAM = 94MBHXKUB6;
				FRAMEWORK_SEARCH_PATHS = (
					"$(inherited)",
					"$(PROJECT_DIR)/Carthage/Build/iOS",
				);
				INFOPLIST_FILE = WHUIComponentsDemo/Info.plist;
				IPHONEOS_DEPLOYMENT_TARGET = 11.0;
				LD_RUNPATH_SEARCH_PATHS = (
					"$(inherited)",
					"@executable_path/Frameworks",
				);
				PRODUCT_BUNDLE_IDENTIFIER = com.wayne.hsiao.WHUIComponentsDemo;
				PRODUCT_NAME = "$(TARGET_NAME)";
				SWIFT_VERSION = 5.0;
				TARGETED_DEVICE_FAMILY = 1;
			};
			name = Debug;
		};
		B057B4082333DBD600A59F11 /* Release */ = {
			isa = XCBuildConfiguration;
			buildSettings = {
				ASSETCATALOG_COMPILER_APPICON_NAME = AppIcon;
				CODE_SIGN_STYLE = Automatic;
				DEVELOPMENT_TEAM = 94MBHXKUB6;
				FRAMEWORK_SEARCH_PATHS = (
					"$(inherited)",
					"$(PROJECT_DIR)/Carthage/Build/iOS",
				);
				INFOPLIST_FILE = WHUIComponentsDemo/Info.plist;
				IPHONEOS_DEPLOYMENT_TARGET = 11.0;
				LD_RUNPATH_SEARCH_PATHS = (
					"$(inherited)",
					"@executable_path/Frameworks",
				);
				PRODUCT_BUNDLE_IDENTIFIER = com.wayne.hsiao.WHUIComponentsDemo;
				PRODUCT_NAME = "$(TARGET_NAME)";
				SWIFT_VERSION = 5.0;
				TARGETED_DEVICE_FAMILY = 1;
			};
			name = Release;
		};
/* End XCBuildConfiguration section */

/* Begin XCConfigurationList section */
		B057B3D42333DB5B00A59F11 /* Build configuration list for PBXProject "WHUIComponents" */ = {
			isa = XCConfigurationList;
			buildConfigurations = (
				B057B3EC2333DB5B00A59F11 /* Debug */,
				B057B3ED2333DB5B00A59F11 /* Release */,
			);
			defaultConfigurationIsVisible = 0;
			defaultConfigurationName = Release;
		};
		B057B3EE2333DB5B00A59F11 /* Build configuration list for PBXNativeTarget "WHUIComponents" */ = {
			isa = XCConfigurationList;
			buildConfigurations = (
				B057B3EF2333DB5B00A59F11 /* Debug */,
				B057B3F02333DB5B00A59F11 /* Release */,
			);
			defaultConfigurationIsVisible = 0;
			defaultConfigurationName = Release;
		};
		B057B3F12333DB5B00A59F11 /* Build configuration list for PBXNativeTarget "WHUIComponentsTests" */ = {
			isa = XCConfigurationList;
			buildConfigurations = (
				B057B3F22333DB5B00A59F11 /* Debug */,
				B057B3F32333DB5B00A59F11 /* Release */,
			);
			defaultConfigurationIsVisible = 0;
			defaultConfigurationName = Release;
		};
		B057B4092333DBD600A59F11 /* Build configuration list for PBXNativeTarget "WHUIComponentsDemo" */ = {
			isa = XCConfigurationList;
			buildConfigurations = (
				B057B4072333DBD600A59F11 /* Debug */,
				B057B4082333DBD600A59F11 /* Release */,
			);
			defaultConfigurationIsVisible = 0;
			defaultConfigurationName = Release;
		};
/* End XCConfigurationList section */
	};
	rootObject = B057B3D12333DB5B00A59F11 /* Project object */;
}
